
Microsoft Visual Studio Solution File, Format Version 12.00
# Visual Studio Version 16
VisualStudioVersion = 16.0.30907.101
MinimumVisualStudioVersion = 10.0.40219.1
Project("{FAE04EC0-301F-11D3-BF4B-00C04F79EFBC}") = "ArrayManipulation", "ArrayManipulation.csproj", "{9F1C47B3-94FB-4935-B358-D34111B3BF43}"
EndProject
Global
	GlobalSection(SolutionConfigurationPlatforms) = preSolution
		Debug|Any CPU = Debug|Any CPU
		Release|Any CPU = Release|Any CPU
	EndGlobalSection
	GlobalSection(ProjectConfigurationPlatforms) = postSolution
		{9F1C47B3-94FB-4935-B358-D34111B3BF43}.Debug|Any CPU.ActiveCfg = Debug|Any CPU
		{9F1C47B3-94FB-4935-B358-D34111B3BF43}.Debug|Any CPU.Build.0 = Debug|Any CPU
		{9F1C47B3-94FB-4935-B358-D34111B3BF43}.Release|Any CPU.ActiveCfg = Release|Any CPU
		{9F1C47B3-94FB-4935-B358-D34111B3BF43}.Release|Any CPU.Build.0 = Release|Any CPU
	EndGlobalSection
	GlobalSection(SolutionProperties) = preSolution
		HideSolutionNode = FALSE
	EndGlobalSection
	GlobalSection(ExtensibilityGlobals) = postSolution
		SolutionGuid = {1AA602DD-C848-4946-A7EE-FC6152187A13}
	EndGlobalSection
EndGlobal
